
Microsoft Visual Studio Solution File, Format Version 12.00
# Visual Studio Version 17
VisualStudioVersion = 17.3.32825.248
MinimumVisualStudioVersion = 10.0.40219.1
Project("{FAE04EC0-301F-11D3-BF4B-00C04F79EFBC}") = "Blackjack", "Blackjack\Blackjack.csproj", "{F7589E40-A535-42EC-B716-30C699B20ADD}"
EndProject
Global
	GlobalSection(SolutionConfigurationPlatforms) = preSolution
		Debug|Any CPU = Debug|Any CPU
		Release|Any CPU = Release|Any CPU
	EndGlobalSection
	GlobalSection(ProjectConfigurationPlatforms) = postSolution
		{F7589E40-A535-42EC-B716-30C699B20ADD}.Debug|Any CPU.ActiveCfg = Debug|Any CPU
		{F7589E40-A535-42EC-B716-30C699B20ADD}.Debug|Any CPU.Build.0 = Debug|Any CPU
		{F7589E40-A535-42EC-B716-30C699B20ADD}.Release|Any CPU.ActiveCfg = Release|Any CPU
		{F7589E40-A535-42EC-B716-30C699B20ADD}.Release|Any CPU.Build.0 = Release|Any CPU
	EndGlobalSection
	GlobalSection(SolutionProperties) = preSolution
		HideSolutionNode = FALSE
	EndGlobalSection
	GlobalSection(ExtensibilityGlobals) = postSolution
		SolutionGuid = {7A74CB6E-84D8-419E-8E23-16E89A7CB9FF}
	EndGlobalSection
EndGlobal
